
Microsoft Visual Studio Solution File, Format Version 12.00
# Visual Studio 14
VisualStudioVersion = 14.0.24720.0
MinimumVisualStudioVersion = 10.0.40219.1
Project("{FAE04EC0-301F-11D3-BF4B-00C04F79EFBC}") = "Vigilance", "Vigilance\Vigilance.csproj", "{DA62BDF7-35D5-4724-A3E9-07CE996BE192}"
EndProject
Project("{FAE04EC0-301F-11D3-BF4B-00C04F79EFBC}") = "ExcelWorkbook1", "ExcelWorkbook1\ExcelWorkbook1.csproj", "{88E39220-BFD9-4581-B692-56AA68D7926A}"
EndProject
Global
	GlobalSection(SolutionConfigurationPlatforms) = preSolution
		Debug|Any CPU = Debug|Any CPU
		Release|Any CPU = Release|Any CPU
	EndGlobalSection
	GlobalSection(ProjectConfigurationPlatforms) = postSolution
		{DA62BDF7-35D5-4724-A3E9-07CE996BE192}.Debug|Any CPU.ActiveCfg = Debug|Any CPU
		{DA62BDF7-35D5-4724-A3E9-07CE996BE192}.Debug|Any CPU.Build.0 = Debug|Any CPU
		{DA62BDF7-35D5-4724-A3E9-07CE996BE192}.Release|Any CPU.ActiveCfg = Release|Any CPU
		{DA62BDF7-35D5-4724-A3E9-07CE996BE192}.Release|Any CPU.Build.0 = Release|Any CPU
		{88E39220-BFD9-4581-B692-56AA68D7926A}.Debug|Any CPU.ActiveCfg = Debug|Any CPU
		{88E39220-BFD9-4581-B692-56AA68D7926A}.Debug|Any CPU.Build.0 = Debug|Any CPU
		{88E39220-BFD9-4581-B692-56AA68D7926A}.Release|Any CPU.ActiveCfg = Release|Any CPU
		{88E39220-BFD9-4581-B692-56AA68D7926A}.Release|Any CPU.Build.0 = Release|Any CPU
	EndGlobalSection
	GlobalSection(SolutionProperties) = preSolution
		HideSolutionNode = FALSE
	EndGlobalSection
EndGlobal
